
Microsoft Visual Studio Solution File, Format Version 12.00
# Visual Studio 15
VisualStudioVersion = 15.0.27130.2027
MinimumVisualStudioVersion = 10.0.40219.1
Project("{FAE04EC0-301F-11D3-BF4B-00C04F79EFBC}") = "G1ANT.StructureTemplate", "G1ANT.StructureTemplate\G1ANT.StructureTemplate.csproj", "{C6ABB99C-2AE3-4D25-89BA-3ED892B4481D}"
EndProject
Project("{FAE04EC0-301F-11D3-BF4B-00C04F79EFBC}") = "G1ANT.AddonTemplate", "G1ANT.AddonTemplate\G1ANT.AddonTemplate.csproj", "{9E838E3A-09CA-4999-A725-330C389E49A8}"
EndProject
Project("{FAE04EC0-301F-11D3-BF4B-00C04F79EFBC}") = "G1ANT.CommandTemplate", "G1ANT.CommandTemplate\G1ANT.CommandTemplate.csproj", "{BC7BD01E-082B-4F22-AC04-DA9FD9EB96D3}"
EndProject
Project("{FAE04EC0-301F-11D3-BF4B-00C04F79EFBC}") = "G1ANT.Sdk", "G1ANT.Sdk\G1ANT.Sdk.csproj", "{E982C7DC-B4E0-453A-8997-5A8211F4D3B1}"
EndProject
Project("{2150E333-8FDC-42A3-9474-1A3956D46DE8}") = "Solution Items", "Solution Items", "{7C62F4DB-943D-4FE0-B0E2-458E1F9DEBE2}"
	ProjectSection(SolutionItems) = preProject
		G1ANT.Sdk.vsix = G1ANT.Sdk.vsix
		Grammar.g4 = Grammar.g4
		README.md = README.md
	EndProjectSection
EndProject
Global
	GlobalSection(SolutionConfigurationPlatforms) = preSolution
		Debug|Any CPU = Debug|Any CPU
		Release|Any CPU = Release|Any CPU
	EndGlobalSection
	GlobalSection(ProjectConfigurationPlatforms) = postSolution
		{C6ABB99C-2AE3-4D25-89BA-3ED892B4481D}.Debug|Any CPU.ActiveCfg = Debug|Any CPU
		{C6ABB99C-2AE3-4D25-89BA-3ED892B4481D}.Debug|Any CPU.Build.0 = Debug|Any CPU
		{C6ABB99C-2AE3-4D25-89BA-3ED892B4481D}.Release|Any CPU.ActiveCfg = Release|Any CPU
		{C6ABB99C-2AE3-4D25-89BA-3ED892B4481D}.Release|Any CPU.Build.0 = Release|Any CPU
		{9E838E3A-09CA-4999-A725-330C389E49A8}.Debug|Any CPU.ActiveCfg = Debug|Any CPU
		{9E838E3A-09CA-4999-A725-330C389E49A8}.Debug|Any CPU.Build.0 = Debug|Any CPU
		{9E838E3A-09CA-4999-A725-330C389E49A8}.Release|Any CPU.ActiveCfg = Release|Any CPU
		{9E838E3A-09CA-4999-A725-330C389E49A8}.Release|Any CPU.Build.0 = Release|Any CPU
		{BC7BD01E-082B-4F22-AC04-DA9FD9EB96D3}.Debug|Any CPU.ActiveCfg = Debug|Any CPU
		{BC7BD01E-082B-4F22-AC04-DA9FD9EB96D3}.Debug|Any CPU.Build.0 = Debug|Any CPU
		{BC7BD01E-082B-4F22-AC04-DA9FD9EB96D3}.Release|Any CPU.ActiveCfg = Release|Any CPU
		{BC7BD01E-082B-4F22-AC04-DA9FD9EB96D3}.Release|Any CPU.Build.0 = Release|Any CPU
		{E982C7DC-B4E0-453A-8997-5A8211F4D3B1}.Debug|Any CPU.ActiveCfg = Debug|Any CPU
		{E982C7DC-B4E0-453A-8997-5A8211F4D3B1}.Debug|Any CPU.Build.0 = Debug|Any CPU
		{E982C7DC-B4E0-453A-8997-5A8211F4D3B1}.Release|Any CPU.ActiveCfg = Release|Any CPU
		{E982C7DC-B4E0-453A-8997-5A8211F4D3B1}.Release|Any CPU.Build.0 = Release|Any CPU
	EndGlobalSection
	GlobalSection(SolutionProperties) = preSolution
		HideSolutionNode = FALSE
	EndGlobalSection
	GlobalSection(ExtensibilityGlobals) = postSolution
		SolutionGuid = {BCACE5B4-EF1F-4C53-86BE-DAB251F45026}
	EndGlobalSection
EndGlobal
